
Microsoft Visual Studio Solution File, Format Version 12.00
# Visual Studio 14
VisualStudioVersion = 14.0.25420.1
MinimumVisualStudioVersion = 10.0.40219.1
Project("{FAE04EC0-301F-11D3-BF4B-00C04F79EFBC}") = "PortN", "PortN\PortN.csproj", "{DA102ABA-4CC4-4BB9-9700-3E8A538ABDF1}"
EndProject
Project("{54435603-DBB4-11D2-8724-00A0C9A8B90C}") = "Setup1", "Setup1\Setup1.vdproj", "{3F52B0C8-6899-46C4-9B22-54FB500A2F7E}"
EndProject
Global
	GlobalSection(SolutionConfigurationPlatforms) = preSolution
		Debug|Any CPU = Debug|Any CPU
		Release|Any CPU = Release|Any CPU
	EndGlobalSection
	GlobalSection(ProjectConfigurationPlatforms) = postSolution
		{DA102ABA-4CC4-4BB9-9700-3E8A538ABDF1}.Debug|Any CPU.ActiveCfg = Debug|Any CPU
		{DA102ABA-4CC4-4BB9-9700-3E8A538ABDF1}.Debug|Any CPU.Build.0 = Debug|Any CPU
		{DA102ABA-4CC4-4BB9-9700-3E8A538ABDF1}.Release|Any CPU.ActiveCfg = Release|Any CPU
		{DA102ABA-4CC4-4BB9-9700-3E8A538ABDF1}.Release|Any CPU.Build.0 = Release|Any CPU
		{3F52B0C8-6899-46C4-9B22-54FB500A2F7E}.Debug|Any CPU.ActiveCfg = Debug
		{3F52B0C8-6899-46C4-9B22-54FB500A2F7E}.Release|Any CPU.ActiveCfg = Release
	EndGlobalSection
	GlobalSection(SolutionProperties) = preSolution
		HideSolutionNode = FALSE
	EndGlobalSection
EndGlobal
